{
  "version": 4,
  "terraform_version": "0.14.6",
  "serial": 8,
  "lineage": "6ddfed5c-8bb5-72c1-3b50-d9a9daafbeef",
  "outputs": {
    "server_ip": {
      "value": "159.223.195.31",
      "type": "string"
    }
  },
  "resources": [
    {
      "mode": "data",
      "type": "digitalocean_ssh_key",
      "name": "home",
      "provider": "provider[\"registry.terraform.io/digitalocean/digitalocean\"]",
      "instances": [
        {
          "schema_version": 0,
          "attributes": {
            "fingerprint": "9c:43:6e:c2:21:b3:3b:61:2a:86:2b:56:92:3b:55:b7",
            "id": 27535641,
            "name": "DesktopWSL",
            "public_key": "ssh-rsa AAAAB3NzaC1yc2EAAAADAQABAAACAQDTglRzDrEQduQwlRubuZbQTpZimNN64jG93CSYrEWZjXXptPw3QaGsIs3wkpXOP27VWMkHIqh3M41Kn9zuPBCEWAen5/Iy+it8MtbcXWByQ2vT69qqo/63+vEssAFAHS78Q6EV2KO0kz5ttgkBWy1RjlEmmMi1mDxeq2LOYiM663nOdaYjZvpi55LTzM4h8qs9FHcFVO9ofDlaTJHaw728wplv4DtiBRYCOOHPo4u4zHCMleVrGYA0JHHYD96jibyIbN7a6zlW534rOoQ8mevGMizGtBTCYfYJ4LlB0mAbi+oW5piawY8wWmACuoOfy1BEAFec0NB8MuaCxSogVwnjotDZnTVBEreBnzKCpBUIZyJbBE6PTBxfGN/lPSigykJsnBb3T7L/MEBrKLlFX+FlhzGbD6Fxkj5bmwozdCW3f2JRNp08zB+pA8GjuuC4togODHw4Iq8dAO4yimBCJW+4/4ifXXR+aikJmZW8yUvRJmqMoZE/V2cGrLWEo2X7ZkFCglg+KIzISTjJI9uB7LW0emxkJeebpxVtkhXw5ttNR4RHdQ5JUo2bnjrtm3CTgMn7oVnAMj5oG9d+u/w6pRjhPEaHdNCJv42RbrFX+bAZ5KCSfN/M3jgx7lAOXUkfznJvWrm+KQ1GCenpgfxqsmgCMm11V9dw3MWaD1CEoaInXQ== mason@masonegger.com"
          },
          "sensitive_attributes": []
        }
      ]
    },
    {
      "mode": "managed",
      "type": "digitalocean_droplet",
      "name": "web",
      "provider": "provider[\"registry.terraform.io/digitalocean/digitalocean\"]",
      "instances": [
        {
          "schema_version": 1,
          "attributes": {
            "backups": false,
            "created_at": "2022-06-17T15:37:58Z",
            "disk": 60,
            "droplet_agent": null,
            "graceful_shutdown": false,
            "id": "304657297",
            "image": "docker-20-04",
            "ipv4_address": "159.223.195.31",
            "ipv4_address_private": "10.124.0.4",
            "ipv6": false,
            "ipv6_address": "",
            "locked": false,
            "memory": 2048,
            "monitoring": false,
            "name": "dev",
            "price_hourly": 0.02679,
            "price_monthly": 18,
            "private_networking": true,
            "region": "sfo3",
            "resize_disk": true,
            "size": "s-2vcpu-2gb-intel",
            "ssh_keys": [
              "27535641"
            ],
            "status": "active",
            "tags": null,
            "urn": "do:droplet:304657297",
            "user_data": "12a5664ef2a87456f7a83a585e209595d0fbeea4",
            "vcpus": 2,
            "volume_ids": [],
            "vpc_uuid": "bbee2c3d-8554-4408-a2eb-af72b145c33c"
          },
          "sensitive_attributes": [],
          "private": "eyJzY2hlbWFfdmVyc2lvbiI6IjEifQ==",
          "dependencies": [
            "data.digitalocean_ssh_key.home"
          ]
        }
      ]
    }
  ]
}
